{
  "lockfileVersion": 1,
  "configVersion": 1,
  "workspaces": {
    "": {
      "name": "codemirror-cel",
      "dependencies": {
        "@codemirror/autocomplete": "^6.20.1",
        "@codemirror/basic-setup": "^0.20.0",
        "@codemirror/language": "^6.12.2",
        "@codemirror/lint": "^6.9.5",
        "@codemirror/state": "^6.5.4",
        "@codemirror/stream-parser": "^0.19.9",
        "@codemirror/theme-one-dark": "^6.1.3",
        "@codemirror/view": "^6.39.17",
        "@marimo-team/codemirror-languageserver": "^1.16.12",
        "@open-rpc/client-js": "^1.8.1",
        "codemirror": "^6.0.2",
      },
      "devDependencies": {
        "@playwright/test": "^1.58.2",
        "@types/bun": "latest",
        "playwright": "^1.58.2",
      },
      "peerDependencies": {
        "typescript": "^5",
      },
    },
  },
  "packages": {
    "@codemirror/autocomplete": ["@codemirror/autocomplete@6.20.1", "", { "dependencies": { "@codemirror/language": "^6.0.0", "@codemirror/state": "^6.0.0", "@codemirror/view": "^6.17.0", "@lezer/common": "^1.0.0" } }, "sha512-1cvg3Vz1dSSToCNlJfRA2WSI4ht3K+WplO0UMOgmUYPivCyy2oueZY6Lx7M9wThm7SDUBViRmuT+OG/i8+ON9A=="],

    "@codemirror/basic-setup": ["@codemirror/basic-setup@0.20.0", "", { "dependencies": { "@codemirror/autocomplete": "^0.20.0", "@codemirror/commands": "^0.20.0", "@codemirror/language": "^0.20.0", "@codemirror/lint": "^0.20.0", "@codemirror/search": "^0.20.0", "@codemirror/state": "^0.20.0", "@codemirror/view": "^0.20.0" } }, "sha512-W/ERKMLErWkrVLyP5I8Yh8PXl4r+WFNkdYVSzkXYPQv2RMPSkWpr2BgggiSJ8AHF/q3GuApncDD8I4BZz65fyg=="],

    "@codemirror/commands": ["@codemirror/commands@0.20.0", "", { "dependencies": { "@codemirror/language": "^0.20.0", "@codemirror/state": "^0.20.0", "@codemirror/view": "^0.20.0", "@lezer/common": "^0.16.0" } }, "sha512-v9L5NNVA+A9R6zaFvaTbxs30kc69F6BkOoiEbeFw4m4I0exmDEKBILN6mK+GksJtvTzGBxvhAPlVFTdQW8GB7Q=="],

    "@codemirror/highlight": ["@codemirror/highlight@0.19.8", "", { "dependencies": { "@codemirror/language": "^0.19.0", "@codemirror/rangeset": "^0.19.0", "@codemirror/state": "^0.19.3", "@codemirror/view": "^0.19.39", "@lezer/common": "^0.15.0", "style-mod": "^4.0.0" } }, "sha512-v/lzuHjrYR8MN2mEJcUD6fHSTXXli9C1XGYpr+ElV6fLBIUhMTNKR3qThp611xuWfXfwDxeL7ppcbkM/MzPV3A=="],

    "@codemirror/language": ["@codemirror/language@6.12.2", "", { "dependencies": { "@codemirror/state": "^6.0.0", "@codemirror/view": "^6.23.0", "@lezer/common": "^1.5.0", "@lezer/highlight": "^1.0.0", "@lezer/lr": "^1.0.0", "style-mod": "^4.0.0" } }, "sha512-jEPmz2nGGDxhRTg3lTpzmIyGKxz3Gp3SJES4b0nAuE5SWQoKdT5GoQ69cwMmFd+wvFUhYirtDTr0/DRHpQAyWg=="],

    "@codemirror/lint": ["@codemirror/lint@6.9.5", "", { "dependencies": { "@codemirror/state": "^6.0.0", "@codemirror/view": "^6.35.0", "crelt": "^1.0.5" } }, "sha512-GElsbU9G7QT9xXhpUg1zWGmftA/7jamh+7+ydKRuT0ORpWS3wOSP0yT1FOlIZa7mIJjpVPipErsyvVqB9cfTFA=="],

    "@codemirror/rangeset": ["@codemirror/rangeset@0.19.9", "", { "dependencies": { "@codemirror/state": "^0.19.0" } }, "sha512-V8YUuOvK+ew87Xem+71nKcqu1SXd5QROMRLMS/ljT5/3MCxtgrRie1Cvild0G/Z2f1fpWxzX78V0U4jjXBorBQ=="],

    "@codemirror/search": ["@codemirror/search@0.20.1", "", { "dependencies": { "@codemirror/state": "^0.20.0", "@codemirror/view": "^0.20.0", "crelt": "^1.0.5" } }, "sha512-ROe6gRboQU5E4z6GAkNa2kxhXqsGNbeLEisbvzbOeB7nuDYXUZ70vGIgmqPu0tB+1M3F9yWk6W8k2vrFpJaD4Q=="],

    "@codemirror/state": ["@codemirror/state@6.5.4", "", { "dependencies": { "@marijn/find-cluster-break": "^1.0.0" } }, "sha512-8y7xqG/hpB53l25CIoit9/ngxdfoG+fx+V3SHBrinnhOtLvKHRyAJJuHzkWrR4YXXLX8eXBsejgAAxHUOdW1yw=="],

    "@codemirror/stream-parser": ["@codemirror/stream-parser@0.19.9", "", { "dependencies": { "@codemirror/highlight": "^0.19.0", "@codemirror/language": "^0.19.0", "@codemirror/state": "^0.19.0", "@codemirror/text": "^0.19.0", "@lezer/common": "^0.15.0", "@lezer/lr": "^0.15.0" } }, "sha512-WTmkEFSRCetpk8xIOvV2yyXdZs3DgYckM0IP7eFi4ewlxWnJO/H4BeJZLs4wQaydWsAqTQoDyIwNH1BCzK5LUQ=="],

    "@codemirror/text": ["@codemirror/text@0.19.6", "", {}, "sha512-T9jnREMIygx+TPC1bOuepz18maGq/92q2a+n4qTqObKwvNMg+8cMTslb8yxeEDEq7S3kpgGWxgO1UWbQRij0dA=="],

    "@codemirror/theme-one-dark": ["@codemirror/theme-one-dark@6.1.3", "", { "dependencies": { "@codemirror/language": "^6.0.0", "@codemirror/state": "^6.0.0", "@codemirror/view": "^6.0.0", "@lezer/highlight": "^1.0.0" } }, "sha512-NzBdIvEJmx6fjeremiGp3t/okrLPYT0d9orIc7AFun8oZcRk58aejkqhv6spnz4MLAevrKNPMQYXEWMg4s+sKA=="],

    "@codemirror/view": ["@codemirror/view@6.39.17", "", { "dependencies": { "@codemirror/state": "^6.5.0", "crelt": "^1.0.6", "style-mod": "^4.1.0", "w3c-keyname": "^2.2.4" } }, "sha512-Aim4lFqhbijnchl83RLfABWueSGs1oUCSv0mru91QdhpXQeNKprIdRO9LWA4cYkJvuYTKGJN7++9MXx8XW43ag=="],

    "@lezer/common": ["@lezer/common@1.5.1", "", {}, "sha512-6YRVG9vBkaY7p1IVxL4s44n5nUnaNnGM2/AckNgYOnxTG2kWh1vR8BMxPseWPjRNpb5VtXnMpeYAEAADoRV1Iw=="],

    "@lezer/highlight": ["@lezer/highlight@1.2.3", "", { "dependencies": { "@lezer/common": "^1.3.0" } }, "sha512-qXdH7UqTvGfdVBINrgKhDsVTJTxactNNxLk7+UMwZhU13lMHaOBlJe9Vqp907ya56Y3+ed2tlqzys7jDkTmW0g=="],

    "@lezer/lr": ["@lezer/lr@1.4.8", "", { "dependencies": { "@lezer/common": "^1.0.0" } }, "sha512-bPWa0Pgx69ylNlMlPvBPryqeLYQjyJjqPx+Aupm5zydLIF3NE+6MMLT8Yi23Bd9cif9VS00aUebn+6fDIGBcDA=="],

    "@marijn/find-cluster-break": ["@marijn/find-cluster-break@1.0.2", "", {}, "sha512-l0h88YhZFyKdXIFNfSWpyjStDjGHwZ/U7iobcK1cQQD8sejsONdQtTVU+1wVN1PBw40PiiHB1vA5S7VTfQiP9g=="],

    "@marimo-team/codemirror-languageserver": ["@marimo-team/codemirror-languageserver@1.16.12", "", { "dependencies": { "@codemirror/autocomplete": "^6.18.4", "@codemirror/lint": "^6.8.4", "@open-rpc/client-js": "^1.8.1", "marked": "^15.0.6", "vscode-languageserver-protocol": "^3.17.5" }, "peerDependencies": { "@codemirror/state": "^6", "@codemirror/view": "^6" } }, "sha512-GZ6blOQYf5Xl5wlKl024gN4C4ZXv6BIS1/19fuFhuDh06TO24ueNUqlSA3S0Un8II9wvbqqAmYz/yFdSMiqeYw=="],

    "@open-rpc/client-js": ["@open-rpc/client-js@1.8.1", "", { "dependencies": { "isomorphic-fetch": "^3.0.0", "isomorphic-ws": "^5.0.0", "strict-event-emitter-types": "^2.0.0", "ws": "^7.0.0" } }, "sha512-vV+Hetl688nY/oWI9IFY0iKDrWuLdYhf7OIKI6U1DcnJV7r4gAgwRJjEr1QVYszUc0gjkHoQJzqevmXMGLyA0g=="],

    "@playwright/test": ["@playwright/test@1.58.2", "", { "dependencies": { "playwright": "1.58.2" }, "bin": { "playwright": "cli.js" } }, "sha512-akea+6bHYBBfA9uQqSYmlJXn61cTa+jbO87xVLCWbTqbWadRVmhxlXATaOjOgcBaWU4ePo0wB41KMFv3o35IXA=="],

    "@types/bun": ["@types/bun@1.3.10", "", { "dependencies": { "bun-types": "1.3.10" } }, "sha512-0+rlrUrOrTSskibryHbvQkDOWRJwJZqZlxrUs1u4oOoTln8+WIXBPmAuCF35SWB2z4Zl3E84Nl/D0P7803nigQ=="],

    "@types/node": ["@types/node@25.4.0", "", { "dependencies": { "undici-types": "~7.18.0" } }, "sha512-9wLpoeWuBlcbBpOY3XmzSTG3oscB6xjBEEtn+pYXTfhyXhIxC5FsBer2KTopBlvKEiW9l13po9fq+SJY/5lkhw=="],

    "bun-types": ["bun-types@1.3.10", "", { "dependencies": { "@types/node": "*" } }, "sha512-tcpfCCl6XWo6nCVnpcVrxQ+9AYN1iqMIzgrSKYMB/fjLtV2eyAVEg7AxQJuCq/26R6HpKWykQXuSOq/21RYcbg=="],

    "codemirror": ["codemirror@6.0.2", "", { "dependencies": { "@codemirror/autocomplete": "^6.0.0", "@codemirror/commands": "^6.0.0", "@codemirror/language": "^6.0.0", "@codemirror/lint": "^6.0.0", "@codemirror/search": "^6.0.0", "@codemirror/state": "^6.0.0", "@codemirror/view": "^6.0.0" } }, "sha512-VhydHotNW5w1UGK0Qj96BwSk/Zqbp9WbnyK2W/eVMv4QyF41INRGpjUhFJY7/uDNuudSc33a/PKr4iDqRduvHw=="],

    "crelt": ["crelt@1.0.6", "", {}, "sha512-VQ2MBenTq1fWZUH9DJNGti7kKv6EeAuYr3cLwxUWhIu1baTaXh4Ib5W2CqHVqib4/MqbYGJqiL3Zb8GJZr3l4g=="],

    "fsevents": ["fsevents@2.3.2", "", { "os": "darwin" }, "sha512-xiqMQR4xAeHTuB9uWm+fFRcIOgKBMiOBP+eXiyT7jsgVCq1bkVygt00oASowB7EdtpOHaaPgKt812P9ab+DDKA=="],

    "isomorphic-fetch": ["isomorphic-fetch@3.0.0", "", { "dependencies": { "node-fetch": "^2.6.1", "whatwg-fetch": "^3.4.1" } }, "sha512-qvUtwJ3j6qwsF3jLxkZ72qCgjMysPzDfeV240JHiGZsANBYd+EEuu35v7dfrJ9Up0Ak07D7GGSkGhCHTqg/5wA=="],

    "isomorphic-ws": ["isomorphic-ws@5.0.0", "", { "peerDependencies": { "ws": "*" } }, "sha512-muId7Zzn9ywDsyXgTIafTry2sV3nySZeUDe6YedVd1Hvuuep5AsIlqK+XefWpYTyJG5e503F2xIuT2lcU6rCSw=="],

    "marked": ["marked@15.0.12", "", { "bin": { "marked": "bin/marked.js" } }, "sha512-8dD6FusOQSrpv9Z1rdNMdlSgQOIP880DHqnohobOmYLElGEqAL/JvxvuxZO16r4HtjTlfPRDC1hbvxC9dPN2nA=="],

    "node-fetch": ["node-fetch@2.7.0", "", { "dependencies": { "whatwg-url": "^5.0.0" }, "peerDependencies": { "encoding": "^0.1.0" }, "optionalPeers": ["encoding"] }, "sha512-c4FRfUm/dbcWZ7U+1Wq0AwCyFL+3nt2bEw05wfxSz+DWpWsitgmSgYmy2dQdWyKC1694ELPqMs/YzUSNozLt8A=="],

    "playwright": ["playwright@1.58.2", "", { "dependencies": { "playwright-core": "1.58.2" }, "optionalDependencies": { "fsevents": "2.3.2" }, "bin": { "playwright": "cli.js" } }, "sha512-vA30H8Nvkq/cPBnNw4Q8TWz1EJyqgpuinBcHET0YVJVFldr8JDNiU9LaWAE1KqSkRYazuaBhTpB5ZzShOezQ6A=="],

    "playwright-core": ["playwright-core@1.58.2", "", { "bin": { "playwright-core": "cli.js" } }, "sha512-yZkEtftgwS8CsfYo7nm0KE8jsvm6i/PTgVtB8DL726wNf6H2IMsDuxCpJj59KDaxCtSnrWan2AeDqM7JBaultg=="],

    "strict-event-emitter-types": ["strict-event-emitter-types@2.0.0", "", {}, "sha512-Nk/brWYpD85WlOgzw5h173aci0Teyv8YdIAEtV+N88nDB0dLlazZyJMIsN6eo1/AR61l+p6CJTG1JIyFaoNEEA=="],

    "style-mod": ["style-mod@4.1.3", "", {}, "sha512-i/n8VsZydrugj3Iuzll8+x/00GH2vnYsk1eomD8QiRrSAeW6ItbCQDtfXCeJHd0iwiNagqjQkvpvREEPtW3IoQ=="],

    "tr46": ["tr46@0.0.3", "", {}, "sha512-N3WMsuqV66lT30CrXNbEjx4GEwlow3v6rr4mCcv6prnfwhS01rkgyFdjPNBYd9br7LpXV1+Emh01fHnq2Gdgrw=="],

    "typescript": ["typescript@5.9.3", "", { "bin": { "tsc": "bin/tsc", "tsserver": "bin/tsserver" } }, "sha512-jl1vZzPDinLr9eUt3J/t7V6FgNEw9QjvBPdysz9KfQDD41fQrC2Y4vKQdiaUpFT4bXlb1RHhLpp8wtm6M5TgSw=="],

    "undici-types": ["undici-types@7.18.2", "", {}, "sha512-AsuCzffGHJybSaRrmr5eHr81mwJU3kjw6M+uprWvCXiNeN9SOGwQ3Jn8jb8m3Z6izVgknn1R0FTCEAP2QrLY/w=="],

    "vscode-jsonrpc": ["vscode-jsonrpc@8.2.0", "", {}, "sha512-C+r0eKJUIfiDIfwJhria30+TYWPtuHJXHtI7J0YlOmKAo7ogxP20T0zxB7HZQIFhIyvoBPwWskjxrvAtfjyZfA=="],

    "vscode-languageserver-protocol": ["vscode-languageserver-protocol@3.17.5", "", { "dependencies": { "vscode-jsonrpc": "8.2.0", "vscode-languageserver-types": "3.17.5" } }, "sha512-mb1bvRJN8SVznADSGWM9u/b07H7Ecg0I3OgXDuLdn307rl/J3A9YD6/eYOssqhecL27hK1IPZAsaqh00i/Jljg=="],

    "vscode-languageserver-types": ["vscode-languageserver-types@3.17.5", "", {}, "sha512-Ld1VelNuX9pdF39h2Hgaeb5hEZM2Z3jUrrMgWQAu82jMtZp7p3vJT3BzToKtZI7NgQssZje5o0zryOrhQvzQAg=="],

    "w3c-keyname": ["w3c-keyname@2.2.8", "", {}, "sha512-dpojBhNsCNN7T82Tm7k26A6G9ML3NkhDsnw9n/eoxSRlVBB4CEtIQ/KTCLI2Fwf3ataSXRhYFkQi3SlnFwPvPQ=="],

    "webidl-conversions": ["webidl-conversions@3.0.1", "", {}, "sha512-2JAn3z8AR6rjK8Sm8orRC0h/bcl/DqL7tRPdGZ4I1CjdF+EaMLmYxBHyXuKL849eucPFhvBoxMsflfOb8kxaeQ=="],

    "whatwg-fetch": ["whatwg-fetch@3.6.20", "", {}, "sha512-EqhiFU6daOA8kpjOWTL0olhVOF3i7OrFzSYiGsEMB8GcXS+RrzauAERX65xMeNWVqxA6HXH2m69Z9LaKKdisfg=="],

    "whatwg-url": ["whatwg-url@5.0.0", "", { "dependencies": { "tr46": "~0.0.3", "webidl-conversions": "^3.0.0" } }, "sha512-saE57nupxk6v3HY35+jzBwYa0rKSy0XR8JSxZPwgLr7ys0IBzhGviA1/TUGJLmSVqs8pb9AnvICXEuOHLprYTw=="],

    "ws": ["ws@7.5.10", "", { "peerDependencies": { "bufferutil": "^4.0.1", "utf-8-validate": "^5.0.2" }, "optionalPeers": ["bufferutil", "utf-8-validate"] }, "sha512-+dbF1tHwZpXcbOJdVOkzLDxZP1ailvSxM6ZweXTegylPny803bFhA+vqBYw4s31NSAk4S2Qz+AKXK9a4wkdjcQ=="],

    "@codemirror/basic-setup/@codemirror/autocomplete": ["@codemirror/autocomplete@0.20.3", "", { "dependencies": { "@codemirror/language": "^0.20.0", "@codemirror/state": "^0.20.0", "@codemirror/view": "^0.20.0", "@lezer/common": "^0.16.0" } }, "sha512-lYB+NPGP+LEzAudkWhLfMxhTrxtLILGl938w+RcFrGdrIc54A+UgmCoz+McE3IYRFp4xyQcL4uFJwo+93YdgHw=="],

    "@codemirror/basic-setup/@codemirror/language": ["@codemirror/language@0.20.2", "", { "dependencies": { "@codemirror/state": "^0.20.0", "@codemirror/view": "^0.20.0", "@lezer/common": "^0.16.0", "@lezer/highlight": "^0.16.0", "@lezer/lr": "^0.16.0", "style-mod": "^4.0.0" } }, "sha512-WB3Bnuusw0xhVvhBocieYKwJm04SOk5bPoOEYksVHKHcGHFOaYaw+eZVxR4gIqMMcGzOIUil0FsCmFk8yrhHpw=="],

    "@codemirror/basic-setup/@codemirror/lint": ["@codemirror/lint@0.20.3", "", { "dependencies": { "@codemirror/state": "^0.20.0", "@codemirror/view": "^0.20.2", "crelt": "^1.0.5" } }, "sha512-06xUScbbspZ8mKoODQCEx6hz1bjaq9m8W8DxdycWARMiiX1wMtfCh/MoHpaL7ws/KUMwlsFFfp2qhm32oaCvVA=="],

    "@codemirror/basic-setup/@codemirror/state": ["@codemirror/state@0.20.1", "", {}, "sha512-ms0tlV5A02OK0pFvTtSUGMLkoarzh1F8mr6jy1cD7ucSC2X/VLHtQCxfhdSEGqTYlQF2hoZtmLv+amqhdgbwjQ=="],

    "@codemirror/basic-setup/@codemirror/view": ["@codemirror/view@0.20.7", "", { "dependencies": { "@codemirror/state": "^0.20.0", "style-mod": "^4.0.0", "w3c-keyname": "^2.2.4" } }, "sha512-pqEPCb9QFTOtHgAH5XU/oVy9UR/Anj6r+tG5CRmkNVcqSKEPmBU05WtN/jxJCFZBXf6HumzWC9ydE4qstO3TxQ=="],

    "@codemirror/commands/@codemirror/language": ["@codemirror/language@0.20.2", "", { "dependencies": { "@codemirror/state": "^0.20.0", "@codemirror/view": "^0.20.0", "@lezer/common": "^0.16.0", "@lezer/highlight": "^0.16.0", "@lezer/lr": "^0.16.0", "style-mod": "^4.0.0" } }, "sha512-WB3Bnuusw0xhVvhBocieYKwJm04SOk5bPoOEYksVHKHcGHFOaYaw+eZVxR4gIqMMcGzOIUil0FsCmFk8yrhHpw=="],

    "@codemirror/commands/@codemirror/state": ["@codemirror/state@0.20.1", "", {}, "sha512-ms0tlV5A02OK0pFvTtSUGMLkoarzh1F8mr6jy1cD7ucSC2X/VLHtQCxfhdSEGqTYlQF2hoZtmLv+amqhdgbwjQ=="],

    "@codemirror/commands/@codemirror/view": ["@codemirror/view@0.20.7", "", { "dependencies": { "@codemirror/state": "^0.20.0", "style-mod": "^4.0.0", "w3c-keyname": "^2.2.4" } }, "sha512-pqEPCb9QFTOtHgAH5XU/oVy9UR/Anj6r+tG5CRmkNVcqSKEPmBU05WtN/jxJCFZBXf6HumzWC9ydE4qstO3TxQ=="],

    "@codemirror/commands/@lezer/common": ["@lezer/common@0.16.1", "", {}, "sha512-qPmG7YTZ6lATyTOAWf8vXE+iRrt1NJd4cm2nJHK+v7X9TsOF6+HtuU/ctaZy2RCrluxDb89hI6KWQ5LfQGQWuA=="],

    "@codemirror/highlight/@codemirror/language": ["@codemirror/language@0.19.10", "", { "dependencies": { "@codemirror/state": "^0.19.0", "@codemirror/text": "^0.19.0", "@codemirror/view": "^0.19.0", "@lezer/common": "^0.15.5", "@lezer/lr": "^0.15.0" } }, "sha512-yA0DZ3RYn2CqAAGW62VrU8c4YxscMQn45y/I9sjBlqB1e2OTQLg4CCkMBuMSLXk4xaqjlsgazeOQWaJQOKfV8Q=="],

    "@codemirror/highlight/@codemirror/state": ["@codemirror/state@0.19.9", "", { "dependencies": { "@codemirror/text": "^0.19.0" } }, "sha512-psOzDolKTZkx4CgUqhBQ8T8gBc0xN5z4gzed109aF6x7D7umpDRoimacI/O6d9UGuyl4eYuDCZmDFr2Rq7aGOw=="],

    "@codemirror/highlight/@codemirror/view": ["@codemirror/view@0.19.48", "", { "dependencies": { "@codemirror/rangeset": "^0.19.5", "@codemirror/state": "^0.19.3", "@codemirror/text": "^0.19.0", "style-mod": "^4.0.0", "w3c-keyname": "^2.2.4" } }, "sha512-0eg7D2Nz4S8/caetCTz61rK0tkHI17V/d15Jy0kLOT8dTLGGNJUponDnW28h2B6bERmPlVHKh8MJIr5OCp1nGw=="],

    "@codemirror/highlight/@lezer/common": ["@lezer/common@0.15.12", "", {}, "sha512-edfwCxNLnzq5pBA/yaIhwJ3U3Kz8VAUOTRg0hhxaizaI1N+qxV7EXDv/kLCkLeq2RzSFvxexlaj5Mzfn2kY0Ig=="],

    "@codemirror/rangeset/@codemirror/state": ["@codemirror/state@0.19.9", "", { "dependencies": { "@codemirror/text": "^0.19.0" } }, "sha512-psOzDolKTZkx4CgUqhBQ8T8gBc0xN5z4gzed109aF6x7D7umpDRoimacI/O6d9UGuyl4eYuDCZmDFr2Rq7aGOw=="],

    "@codemirror/search/@codemirror/state": ["@codemirror/state@0.20.1", "", {}, "sha512-ms0tlV5A02OK0pFvTtSUGMLkoarzh1F8mr6jy1cD7ucSC2X/VLHtQCxfhdSEGqTYlQF2hoZtmLv+amqhdgbwjQ=="],

    "@codemirror/search/@codemirror/view": ["@codemirror/view@0.20.7", "", { "dependencies": { "@codemirror/state": "^0.20.0", "style-mod": "^4.0.0", "w3c-keyname": "^2.2.4" } }, "sha512-pqEPCb9QFTOtHgAH5XU/oVy9UR/Anj6r+tG5CRmkNVcqSKEPmBU05WtN/jxJCFZBXf6HumzWC9ydE4qstO3TxQ=="],

    "@codemirror/stream-parser/@codemirror/language": ["@codemirror/language@0.19.10", "", { "dependencies": { "@codemirror/state": "^0.19.0", "@codemirror/text": "^0.19.0", "@codemirror/view": "^0.19.0", "@lezer/common": "^0.15.5", "@lezer/lr": "^0.15.0" } }, "sha512-yA0DZ3RYn2CqAAGW62VrU8c4YxscMQn45y/I9sjBlqB1e2OTQLg4CCkMBuMSLXk4xaqjlsgazeOQWaJQOKfV8Q=="],

    "@codemirror/stream-parser/@codemirror/state": ["@codemirror/state@0.19.9", "", { "dependencies": { "@codemirror/text": "^0.19.0" } }, "sha512-psOzDolKTZkx4CgUqhBQ8T8gBc0xN5z4gzed109aF6x7D7umpDRoimacI/O6d9UGuyl4eYuDCZmDFr2Rq7aGOw=="],

    "@codemirror/stream-parser/@lezer/common": ["@lezer/common@0.15.12", "", {}, "sha512-edfwCxNLnzq5pBA/yaIhwJ3U3Kz8VAUOTRg0hhxaizaI1N+qxV7EXDv/kLCkLeq2RzSFvxexlaj5Mzfn2kY0Ig=="],

    "@codemirror/stream-parser/@lezer/lr": ["@lezer/lr@0.15.8", "", { "dependencies": { "@lezer/common": "^0.15.0" } }, "sha512-bM6oE6VQZ6hIFxDNKk8bKPa14hqFrV07J/vHGOeiAbJReIaQXmkVb6xQu4MR+JBTLa5arGRyAAjJe1qaQt3Uvg=="],

    "codemirror/@codemirror/commands": ["@codemirror/commands@6.10.2", "", { "dependencies": { "@codemirror/language": "^6.0.0", "@codemirror/state": "^6.4.0", "@codemirror/view": "^6.27.0", "@lezer/common": "^1.1.0" } }, "sha512-vvX1fsih9HledO1c9zdotZYUZnE4xV0m6i3m25s5DIfXofuprk6cRcLUZvSk3CASUbwjQX21tOGbkY2BH8TpnQ=="],

    "codemirror/@codemirror/search": ["@codemirror/search@6.6.0", "", { "dependencies": { "@codemirror/state": "^6.0.0", "@codemirror/view": "^6.37.0", "crelt": "^1.0.5" } }, "sha512-koFuNXcDvyyotWcgOnZGmY7LZqEOXZaaxD/j6n18TCLx2/9HieZJ5H6hs1g8FiRxBD0DNfs0nXn17g872RmYdw=="],

    "@codemirror/basic-setup/@codemirror/autocomplete/@lezer/common": ["@lezer/common@0.16.1", "", {}, "sha512-qPmG7YTZ6lATyTOAWf8vXE+iRrt1NJd4cm2nJHK+v7X9TsOF6+HtuU/ctaZy2RCrluxDb89hI6KWQ5LfQGQWuA=="],

    "@codemirror/basic-setup/@codemirror/language/@lezer/common": ["@lezer/common@0.16.1", "", {}, "sha512-qPmG7YTZ6lATyTOAWf8vXE+iRrt1NJd4cm2nJHK+v7X9TsOF6+HtuU/ctaZy2RCrluxDb89hI6KWQ5LfQGQWuA=="],

    "@codemirror/basic-setup/@codemirror/language/@lezer/highlight": ["@lezer/highlight@0.16.0", "", { "dependencies": { "@lezer/common": "^0.16.0" } }, "sha512-iE5f4flHlJ1g1clOStvXNLbORJoiW4Kytso6ubfYzHnaNo/eo5SKhxs4wv/rtvwZQeZrK3we8S9SyA7OGOoRKQ=="],

    "@codemirror/basic-setup/@codemirror/language/@lezer/lr": ["@lezer/lr@0.16.3", "", { "dependencies": { "@lezer/common": "^0.16.0" } }, "sha512-pau7um4eAw94BEuuShUIeQDTf3k4Wt6oIUOYxMmkZgDHdqtIcxWND4LRxi8nI9KuT4I1bXQv67BCapkxt7Ywqw=="],

    "@codemirror/commands/@codemirror/language/@lezer/highlight": ["@lezer/highlight@0.16.0", "", { "dependencies": { "@lezer/common": "^0.16.0" } }, "sha512-iE5f4flHlJ1g1clOStvXNLbORJoiW4Kytso6ubfYzHnaNo/eo5SKhxs4wv/rtvwZQeZrK3we8S9SyA7OGOoRKQ=="],

    "@codemirror/commands/@codemirror/language/@lezer/lr": ["@lezer/lr@0.16.3", "", { "dependencies": { "@lezer/common": "^0.16.0" } }, "sha512-pau7um4eAw94BEuuShUIeQDTf3k4Wt6oIUOYxMmkZgDHdqtIcxWND4LRxi8nI9KuT4I1bXQv67BCapkxt7Ywqw=="],

    "@codemirror/highlight/@codemirror/language/@lezer/lr": ["@lezer/lr@0.15.8", "", { "dependencies": { "@lezer/common": "^0.15.0" } }, "sha512-bM6oE6VQZ6hIFxDNKk8bKPa14hqFrV07J/vHGOeiAbJReIaQXmkVb6xQu4MR+JBTLa5arGRyAAjJe1qaQt3Uvg=="],

    "@codemirror/stream-parser/@codemirror/language/@codemirror/view": ["@codemirror/view@0.19.48", "", { "dependencies": { "@codemirror/rangeset": "^0.19.5", "@codemirror/state": "^0.19.3", "@codemirror/text": "^0.19.0", "style-mod": "^4.0.0", "w3c-keyname": "^2.2.4" } }, "sha512-0eg7D2Nz4S8/caetCTz61rK0tkHI17V/d15Jy0kLOT8dTLGGNJUponDnW28h2B6bERmPlVHKh8MJIr5OCp1nGw=="],
  }
}
